
Microsoft Visual Studio Solution File, Format Version 12.00
# Visual Studio Version 17
VisualStudioVersion = 17.0.32112.339
MinimumVisualStudioVersion = 10.0.40219.1
Project("{9A19103F-16F7-4668-BE54-9A1E7A4F7556}") = "DbExample", "DbExample.csproj", "{1A858454-FD7E-43EF-A060-C7B4C6793644}"
EndProject
Global
	GlobalSection(SolutionConfigurationPlatforms) = preSolution
		Debug|Any CPU = Debug|Any CPU
		Release|Any CPU = Release|Any CPU
	EndGlobalSection
	GlobalSection(ProjectConfigurationPlatforms) = postSolution
		{1A858454-FD7E-43EF-A060-C7B4C6793644}.Debug|Any CPU.ActiveCfg = Debug|Any CPU
		{1A858454-FD7E-43EF-A060-C7B4C6793644}.Debug|Any CPU.Build.0 = Debug|Any CPU
		{1A858454-FD7E-43EF-A060-C7B4C6793644}.Release|Any CPU.ActiveCfg = Release|Any CPU
		{1A858454-FD7E-43EF-A060-C7B4C6793644}.Release|Any CPU.Build.0 = Release|Any CPU
	EndGlobalSection
	GlobalSection(SolutionProperties) = preSolution
		HideSolutionNode = FALSE
	EndGlobalSection
	GlobalSection(ExtensibilityGlobals) = postSolution
		SolutionGuid = {924474B9-5823-4C2D-AEA7-269E6F77C67D}
	EndGlobalSection
EndGlobal
